
Microsoft Visual Studio Solution File, Format Version 12.00
# Visual Studio Version 17
VisualStudioVersion = 17.14.36518.9 d17.14
MinimumVisualStudioVersion = 10.0.40219.1
Project("{FAE04EC0-301F-11D3-BF4B-00C04F79EFBC}") = "Formulario", "Formulario\Formulario.csproj", "{8794B72D-01D9-416E-BAB9-55DFA7B3EAED}"
EndProject
Global
	GlobalSection(SolutionConfigurationPlatforms) = preSolution
		Debug|Any CPU = Debug|Any CPU
		Release|Any CPU = Release|Any CPU
	EndGlobalSection
	GlobalSection(ProjectConfigurationPlatforms) = postSolution
		{8794B72D-01D9-416E-BAB9-55DFA7B3EAED}.Debug|Any CPU.ActiveCfg = Debug|Any CPU
		{8794B72D-01D9-416E-BAB9-55DFA7B3EAED}.Debug|Any CPU.Build.0 = Debug|Any CPU
		{8794B72D-01D9-416E-BAB9-55DFA7B3EAED}.Release|Any CPU.ActiveCfg = Release|Any CPU
		{8794B72D-01D9-416E-BAB9-55DFA7B3EAED}.Release|Any CPU.Build.0 = Release|Any CPU
	EndGlobalSection
	GlobalSection(SolutionProperties) = preSolution
		HideSolutionNode = FALSE
	EndGlobalSection
	GlobalSection(ExtensibilityGlobals) = postSolution
		SolutionGuid = {B64754D0-B2B1-4F09-BA02-F3174C53F906}
	EndGlobalSection
EndGlobal
