
Microsoft Visual Studio Solution File, Format Version 12.00
# Visual Studio Version 17
VisualStudioVersion = 17.14.36518.9 d17.14
MinimumVisualStudioVersion = 10.0.40219.1
Project("{FAE04EC0-301F-11D3-BF4B-00C04F79EFBC}") = "Ejercicio3", "Ejercicio3\Ejercicio3.csproj", "{BC51EF9C-AA21-43A2-8832-3D01B69C6F98}"
EndProject
Global
	GlobalSection(SolutionConfigurationPlatforms) = preSolution
		Debug|Any CPU = Debug|Any CPU
		Release|Any CPU = Release|Any CPU
	EndGlobalSection
	GlobalSection(ProjectConfigurationPlatforms) = postSolution
		{BC51EF9C-AA21-43A2-8832-3D01B69C6F98}.Debug|Any CPU.ActiveCfg = Debug|Any CPU
		{BC51EF9C-AA21-43A2-8832-3D01B69C6F98}.Debug|Any CPU.Build.0 = Debug|Any CPU
		{BC51EF9C-AA21-43A2-8832-3D01B69C6F98}.Release|Any CPU.ActiveCfg = Release|Any CPU
		{BC51EF9C-AA21-43A2-8832-3D01B69C6F98}.Release|Any CPU.Build.0 = Release|Any CPU
	EndGlobalSection
	GlobalSection(SolutionProperties) = preSolution
		HideSolutionNode = FALSE
	EndGlobalSection
	GlobalSection(ExtensibilityGlobals) = postSolution
		SolutionGuid = {E0E789FF-E1EC-4330-8F20-73D3F665ED92}
	EndGlobalSection
EndGlobal
